
Microsoft Visual Studio Solution File, Format Version 12.00
# Visual Studio Version 16
VisualStudioVersion = 16.0.31019.35
MinimumVisualStudioVersion = 10.0.40219.1
Project("{9A19103F-16F7-4668-BE54-9A1E7A4F7556}") = "MakeChange", "MakeChange\MakeChange.csproj", "{D6F0D9E9-491D-44E0-B0E4-4DAEA1A5251C}"
EndProject
Project("{9A19103F-16F7-4668-BE54-9A1E7A4F7556}") = "MartianWeight", "MartianWeight\MartianWeight.csproj", "{DADE4229-E58D-450A-A4F5-7B838409E976}"
EndProject
Global
	GlobalSection(SolutionConfigurationPlatforms) = preSolution
		Debug|Any CPU = Debug|Any CPU
		Release|Any CPU = Release|Any CPU
	EndGlobalSection
	GlobalSection(ProjectConfigurationPlatforms) = postSolution
		{D6F0D9E9-491D-44E0-B0E4-4DAEA1A5251C}.Debug|Any CPU.ActiveCfg = Debug|Any CPU
		{D6F0D9E9-491D-44E0-B0E4-4DAEA1A5251C}.Debug|Any CPU.Build.0 = Debug|Any CPU
		{D6F0D9E9-491D-44E0-B0E4-4DAEA1A5251C}.Release|Any CPU.ActiveCfg = Release|Any CPU
		{D6F0D9E9-491D-44E0-B0E4-4DAEA1A5251C}.Release|Any CPU.Build.0 = Release|Any CPU
		{DADE4229-E58D-450A-A4F5-7B838409E976}.Debug|Any CPU.ActiveCfg = Debug|Any CPU
		{DADE4229-E58D-450A-A4F5-7B838409E976}.Debug|Any CPU.Build.0 = Debug|Any CPU
		{DADE4229-E58D-450A-A4F5-7B838409E976}.Release|Any CPU.ActiveCfg = Release|Any CPU
		{DADE4229-E58D-450A-A4F5-7B838409E976}.Release|Any CPU.Build.0 = Release|Any CPU
	EndGlobalSection
	GlobalSection(SolutionProperties) = preSolution
		HideSolutionNode = FALSE
	EndGlobalSection
	GlobalSection(ExtensibilityGlobals) = postSolution
		SolutionGuid = {268AF19A-B5FD-4C88-84E8-CF31FD2B6821}
	EndGlobalSection
EndGlobal
