
Microsoft Visual Studio Solution File, Format Version 12.00
# Visual Studio Version 16
VisualStudioVersion = 16.0.31105.61
MinimumVisualStudioVersion = 10.0.40219.1
Project("{FAE04EC0-301F-11D3-BF4B-00C04F79EFBC}") = "ExceptionDemoWithJohnsChanges", "ExceptionDemoWithJohnsChanges.csproj", "{A32DB7DB-8CD5-426E-8935-EE4C0E5DEF0B}"
EndProject
Global
	GlobalSection(SolutionConfigurationPlatforms) = preSolution
		Debug|Any CPU = Debug|Any CPU
		Release|Any CPU = Release|Any CPU
	EndGlobalSection
	GlobalSection(ProjectConfigurationPlatforms) = postSolution
		{A32DB7DB-8CD5-426E-8935-EE4C0E5DEF0B}.Debug|Any CPU.ActiveCfg = Debug|Any CPU
		{A32DB7DB-8CD5-426E-8935-EE4C0E5DEF0B}.Debug|Any CPU.Build.0 = Debug|Any CPU
		{A32DB7DB-8CD5-426E-8935-EE4C0E5DEF0B}.Release|Any CPU.ActiveCfg = Release|Any CPU
		{A32DB7DB-8CD5-426E-8935-EE4C0E5DEF0B}.Release|Any CPU.Build.0 = Release|Any CPU
	EndGlobalSection
	GlobalSection(SolutionProperties) = preSolution
		HideSolutionNode = FALSE
	EndGlobalSection
	GlobalSection(ExtensibilityGlobals) = postSolution
		SolutionGuid = {D91DEC8A-A674-45AA-9679-69D75D115C08}
	EndGlobalSection
EndGlobal
