
Microsoft Visual Studio Solution File, Format Version 12.00
# Visual Studio Version 16
VisualStudioVersion = 16.0.31105.61
MinimumVisualStudioVersion = 10.0.40219.1
Project("{FAE04EC0-301F-11D3-BF4B-00C04F79EFBC}") = "CardGame", "CardGame.csproj", "{1C02B4B5-4E75-4C3C-98A1-E9CAEF8987CB}"
EndProject
Global
	GlobalSection(SolutionConfigurationPlatforms) = preSolution
		Debug|Any CPU = Debug|Any CPU
		Release|Any CPU = Release|Any CPU
	EndGlobalSection
	GlobalSection(ProjectConfigurationPlatforms) = postSolution
		{1C02B4B5-4E75-4C3C-98A1-E9CAEF8987CB}.Debug|Any CPU.ActiveCfg = Debug|Any CPU
		{1C02B4B5-4E75-4C3C-98A1-E9CAEF8987CB}.Debug|Any CPU.Build.0 = Debug|Any CPU
		{1C02B4B5-4E75-4C3C-98A1-E9CAEF8987CB}.Release|Any CPU.ActiveCfg = Release|Any CPU
		{1C02B4B5-4E75-4C3C-98A1-E9CAEF8987CB}.Release|Any CPU.Build.0 = Release|Any CPU
	EndGlobalSection
	GlobalSection(SolutionProperties) = preSolution
		HideSolutionNode = FALSE
	EndGlobalSection
	GlobalSection(ExtensibilityGlobals) = postSolution
		SolutionGuid = {B56EB91D-BFD6-4920-87A1-8F264F2745E8}
	EndGlobalSection
EndGlobal
